{
  "name": "prober",
  "version": "1.0.0",
  "lockfileVersion": 2,
  "requires": true,
  "packages": {
    "": {
      "name": "prober",
      "version": "1.0.0",
      "license": "ISC",
      "dependencies": {
        "cacheable-lookup": "^6.1.0"
      }
    },
    "node_modules/cacheable-lookup": {
      "version": "6.1.0",
      "resolved": "https://registry.npmjs.org/cacheable-lookup/-/cacheable-lookup-6.1.0.tgz",
      "integrity": "sha512-KJ/Dmo1lDDhmW2XDPMo+9oiy/CeqosPguPCrgcVzKyZrL6pM1gU2GmPY/xo6OQPTUaA/c0kwHuywB4E6nmT9ww==",
      "engines": {
        "node": ">=10.6.0"
      }
    }
  },
  "dependencies": {
    "cacheable-lookup": {
      "version": "6.1.0",
      "resolved": "https://registry.npmjs.org/cacheable-lookup/-/cacheable-lookup-6.1.0.tgz",
      "integrity": "sha512-KJ/Dmo1lDDhmW2XDPMo+9oiy/CeqosPguPCrgcVzKyZrL6pM1gU2GmPY/xo6OQPTUaA/c0kwHuywB4E6nmT9ww=="
    }
  }
}
